// !$*UTF8*$!
{
	archiveVersion = 1;
	classes = {
	};
	objectVersion = 56;
	objects = {

/* Begin PBXBuildFile section */
		CC7A7A372B6049C200774C3D /* Focused_LifeApp.swift in Sources */ = {isa = PBXBuildFile; fileRef = CC7A7A362B6049C200774C3D /* Focused_LifeApp.swift */; };
		CC7A7A392B6049C200774C3D /* ContentView.swift in Sources */ = {isa = PBXBuildFile; fileRef = CC7A7A382B6049C200774C3D /* ContentView.swift */; };
		CC7A7A3B2B6049C400774C3D /* Assets.xcassets in Resources */ = {isa = PBXBuildFile; fileRef = CC7A7A3A2B6049C400774C3D /* Assets.xcassets */; };
		CC7A7A3E2B6049C400774C3D /* Preview Assets.xcassets in Resources */ = {isa = PBXBuildFile; fileRef = CC7A7A3D2B6049C400774C3D /* Preview Assets.xcassets */; };
		CC7A7A492B6049C400774C3D /* Focused_LifeTests.swift in Sources */ = {isa = PBXBuildFile; fileRef = CC7A7A482B6049C400774C3D /* Focused_LifeTests.swift */; };
		CC7A7A532B6049C400774C3D /* Focused_LifeUITests.swift in Sources */ = {isa = PBXBuildFile; fileRef = CC7A7A522B6049C400774C3D /* Focused_LifeUITests.swift */; };
		CC7A7A552B6049C400774C3D /* Focused_LifeUITestsLaunchTests.swift in Sources */ = {isa = PBXBuildFile; fileRef = CC7A7A542B6049C400774C3D /* Focused_LifeUITestsLaunchTests.swift */; };
/* End PBXBuildFile section */

/* Begin PBXContainerItemProxy section */
		CC7A7A452B6049C400774C3D /* PBXContainerItemProxy */ = {
			isa = PBXContainerItemProxy;
			containerPortal = CC7A7A2B2B6049C200774C3D /* Project object */;
			proxyType = 1;
			remoteGlobalIDString = CC7A7A322B6049C200774C3D;
			remoteInfo = "Focused Life";
		};
		CC7A7A4F2B6049C400774C3D /* PBXContainerItemProxy */ = {
			isa = PBXContainerItemProxy;
			containerPortal = CC7A7A2B2B6049C200774C3D /* Project object */;
			proxyType = 1;
			remoteGlobalIDString = CC7A7A322B6049C200774C3D;
			remoteInfo = "Focused Life";
		};
/* End PBXContainerItemProxy section */

/* Begin PBXFileReference section */
		CC7A7A332B6049C200774C3D /* Focused Life.app */ = {isa = PBXFileReference; explicitFileType = wrapper.application; includeInIndex = 0; path = "Focused Life.app"; sourceTree = BUILT_PRODUCTS_DIR; };
		CC7A7A362B6049C200774C3D /* Focused_LifeApp.swift */ = {isa = PBXFileReference; lastKnownFileType = sourcecode.swift; path = Focused_LifeApp.swift; sourceTree = "<group>"; };
		CC7A7A382B6049C200774C3D /* ContentView.swift */ = {isa = PBXFileReference; lastKnownFileType = sourcecode.swift; path = ContentView.swift; sourceTree = "<group>"; };
		CC7A7A3A2B6049C400774C3D /* Assets.xcassets */ = {isa = PBXFileReference; lastKnownFileType = folder.assetcatalog; path = Assets.xcassets; sourceTree = "<group>"; };
		CC7A7A3D2B6049C400774C3D /* Preview Assets.xcassets */ = {isa = PBXFileReference; lastKnownFileType = folder.assetcatalog; path = "Preview Assets.xcassets"; sourceTree = "<group>"; };
		CC7A7A3F2B6049C400774C3D /* Focused_Life.entitlements */ = {isa = PBXFileReference; lastKnownFileType = text.plist.entitlements; path = Focused_Life.entitlements; sourceTree = "<group>"; };
		CC7A7A442B6049C400774C3D /* Focused LifeTests.xctest */ = {isa = PBXFileReference; explicitFileType = wrapper.cfbundle; includeInIndex = 0; path = "Focused LifeTests.xctest"; sourceTree = BUILT_PRODUCTS_DIR; };
		CC7A7A482B6049C400774C3D /* Focused_LifeTests.swift */ = {isa = PBXFileReference; lastKnownFileType = sourcecode.swift; path = Focused_LifeTests.swift; sourceTree = "<group>"; };
		CC7A7A4E2B6049C400774C3D /* Focused LifeUITests.xctest */ = {isa = PBXFileReference; explicitFileType = wrapper.cfbundle; includeInIndex = 0; path = "Focused LifeUITests.xctest"; sourceTree = BUILT_PRODUCTS_DIR; };
		CC7A7A522B6049C400774C3D /* Focused_LifeUITests.swift */ = {isa = PBXFileReference; lastKnownFileType = sourcecode.swift; path = Focused_LifeUITests.swift; sourceTree = "<group>"; };
		CC7A7A542B6049C400774C3D /* Focused_LifeUITestsLaunchTests.swift */ = {isa = PBXFileReference; lastKnownFileType = sourcecode.swift; path = Focused_LifeUITestsLaunchTests.swift; sourceTree = "<group>"; };
/* End PBXFileReference section */

/* Begin PBXFrameworksBuildPhase section */
		CC7A7A302B6049C200774C3D /* Frameworks */ = {
			isa = PBXFrameworksBuildPhase;
			buildActionMask = 2147483647;
			files = (
			);
			runOnlyForDeploymentPostprocessing = 0;
		};
		CC7A7A412B6049C400774C3D /* Frameworks */ = {
			isa = PBXFrameworksBuildPhase;
			buildActionMask = 2147483647;
			files = (
			);
			runOnlyForDeploymentPostprocessing = 0;
		};
		CC7A7A4B2B6049C400774C3D /* Frameworks */ = {
			isa = PBXFrameworksBuildPhase;
			buildActionMask = 2147483647;
			files = (
			);
			runOnlyForDeploymentPostprocessing = 0;
		};
/* End PBXFrameworksBuildPhase section */

/* Begin PBXGroup section */
		CC7A7A2A2B6049C200774C3D = {
			isa = PBXGroup;
			children = (
				CC7A7A352B6049C200774C3D /* Focused Life */,
				CC7A7A472B6049C400774C3D /* Focused LifeTests */,
				CC7A7A512B6049C400774C3D /* Focused LifeUITests */,
				CC7A7A342B6049C200774C3D /* Products */,
			);
			sourceTree = "<group>";
		};
		CC7A7A342B6049C200774C3D /* Products */ = {
			isa = PBXGroup;
			children = (
				CC7A7A332B6049C200774C3D /* Focused Life.app */,
				CC7A7A442B6049C400774C3D /* Focused LifeTests.xctest */,
				CC7A7A4E2B6049C400774C3D /* Focused LifeUITests.xctest */,
			);
			name = Products;
			sourceTree = "<group>";
		};
		CC7A7A352B6049C200774C3D /* Focused Life */ = {
			isa = PBXGroup;
			children = (
				CC7A7A362B6049C200774C3D /* Focused_LifeApp.swift */,
				CC7A7A382B6049C200774C3D /* ContentView.swift */,
				CC7A7A3A2B6049C400774C3D /* Assets.xcassets */,
				CC7A7A3F2B6049C400774C3D /* Focused_Life.entitlements */,
				CC7A7A3C2B6049C400774C3D /* Preview Content */,
			);
			path = "Focused Life";
			sourceTree = "<group>";
		};
		CC7A7A3C2B6049C400774C3D /* Preview Content */ = {
			isa = PBXGroup;
			children = (
				CC7A7A3D2B6049C400774C3D /* Preview Assets.xcassets */,
			);
			path = "Preview Content";
			sourceTree = "<group>";
		};
		CC7A7A472B6049C400774C3D /* Focused LifeTests */ = {
			isa = PBXGroup;
			children = (
				CC7A7A482B6049C400774C3D /* Focused_LifeTests.swift */,
			);
			path = "Focused LifeTests";
			sourceTree = "<group>";
		};
		CC7A7A512B6049C400774C3D /* Focused LifeUITests */ = {
			isa = PBXGroup;
			children = (
				CC7A7A522B6049C400774C3D /* Focused_LifeUITests.swift */,
				CC7A7A542B6049C400774C3D /* Focused_LifeUITestsLaunchTests.swift */,
			);
			path = "Focused LifeUITests";
			sourceTree = "<group>";
		};
/* End PBXGroup section */

/* Begin PBXNativeTarget section */
		CC7A7A322B6049C200774C3D /* Focused Life */ = {
			isa = PBXNativeTarget;
			buildConfigurationList = CC7A7A582B6049C400774C3D /* Build configuration list for PBXNativeTarget "Focused Life" */;
			buildPhases = (
				CC7A7A2F2B6049C200774C3D /* Sources */,
				CC7A7A302B6049C200774C3D /* Frameworks */,
				CC7A7A312B6049C200774C3D /* Resources */,
			);
			buildRules = (
			);
			dependencies = (
			);
			name = "Focused Life";
			productName = "Focused Life";
			productReference = CC7A7A332B6049C200774C3D /* Focused Life.app */;
			productType = "com.apple.product-type.application";
		};
		CC7A7A432B6049C400774C3D /* Focused LifeTests */ = {
			isa = PBXNativeTarget;
			buildConfigurationList = CC7A7A5B2B6049C400774C3D /* Build configuration list for PBXNativeTarget "Focused LifeTests" */;
			buildPhases = (
				CC7A7A402B6049C400774C3D /* Sources */,
				CC7A7A412B6049C400774C3D /* Frameworks */,
				CC7A7A422B6049C400774C3D /* Resources */,
			);
			buildRules = (
			);
			dependencies = (
				CC7A7A462B6049C400774C3D /* PBXTargetDependency */,
			);
			name = "Focused LifeTests";
			productName = "Focused LifeTests";
			productReference = CC7A7A442B6049C400774C3D /* Focused LifeTests.xctest */;
			productType = "com.apple.product-type.bundle.unit-test";
		};
		CC7A7A4D2B6049C400774C3D /* Focused LifeUITests */ = {
			isa = PBXNativeTarget;
			buildConfigurationList = CC7A7A5E2B6049C400774C3D /* Build configuration list for PBXNativeTarget "Focused LifeUITests" */;
			buildPhases = (
				CC7A7A4A2B6049C400774C3D /* Sources */,
				CC7A7A4B2B6049C400774C3D /* Frameworks */,
				CC7A7A4C2B6049C400774C3D /* Resources */,
			);
			buildRules = (
			);
			dependencies = (
				CC7A7A502B6049C400774C3D /* PBXTargetDependency */,
			);
			name = "Focused LifeUITests";
			productName = "Focused LifeUITests";
			productReference = CC7A7A4E2B6049C400774C3D /* Focused LifeUITests.xctest */;
			productType = "com.apple.product-type.bundle.ui-testing";
		};
/* End PBXNativeTarget section */

/* Begin PBXProject section */
		CC7A7A2B2B6049C200774C3D /* Project object */ = {
			isa = PBXProject;
			attributes = {
				BuildIndependentTargetsInParallel = 1;
				LastSwiftUpdateCheck = 1520;
				LastUpgradeCheck = 1520;
				TargetAttributes = {
					CC7A7A322B6049C200774C3D = {
						CreatedOnToolsVersion = 15.2;
					};
					CC7A7A432B6049C400774C3D = {
						CreatedOnToolsVersion = 15.2;
						TestTargetID = CC7A7A322B6049C200774C3D;
					};
					CC7A7A4D2B6049C400774C3D = {
						CreatedOnToolsVersion = 15.2;
						TestTargetID = CC7A7A322B6049C200774C3D;
					};
				};
			};
			buildConfigurationList = CC7A7A2E2B6049C200774C3D /* Build configuration list for PBXProject "Focused Life" */;
			compatibilityVersion = "Xcode 14.0";
			developmentRegion = en;
			hasScannedForEncodings = 0;
			knownRegions = (
				en,
				Base,
			);
			mainGroup = CC7A7A2A2B6049C200774C3D;
			productRefGroup = CC7A7A342B6049C200774C3D /* Products */;
			projectDirPath = "";
			projectRoot = "";
			targets = (
				CC7A7A322B6049C200774C3D /* Focused Life */,
				CC7A7A432B6049C400774C3D /* Focused LifeTests */,
				CC7A7A4D2B6049C400774C3D /* Focused LifeUITests */,
			);
		};
/* End PBXProject section */

/* Begin PBXResourcesBuildPhase section */
		CC7A7A312B6049C200774C3D /* Resources */ = {
			isa = PBXResourcesBuildPhase;
			buildActionMask = 2147483647;
			files = (
				CC7A7A3E2B6049C400774C3D /* Preview Assets.xcassets in Resources */,
				CC7A7A3B2B6049C400774C3D /* Assets.xcassets in Resources */,
			);
			runOnlyForDeploymentPostprocessing = 0;
		};
		CC7A7A422B6049C400774C3D /* Resources */ = {
			isa = PBXResourcesBuildPhase;
			buildActionMask = 2147483647;
			files = (
			);
			runOnlyForDeploymentPostprocessing = 0;
		};
		CC7A7A4C2B6049C400774C3D /* Resources */ = {
			isa = PBXResourcesBuildPhase;
			buildActionMask = 2147483647;
			files = (
			);
			runOnlyForDeploymentPostprocessing = 0;
		};
/* End PBXResourcesBuildPhase section */

/* Begin PBXSourcesBuildPhase section */
		CC7A7A2F2B6049C200774C3D /* Sources */ = {
			isa = PBXSourcesBuildPhase;
			buildActionMask = 2147483647;
			files = (
				CC7A7A392B6049C200774C3D /* ContentView.swift in Sources */,
				CC7A7A372B6049C200774C3D /* Focused_LifeApp.swift in Sources */,
			);
			runOnlyForDeploymentPostprocessing = 0;
		};
		CC7A7A402B6049C400774C3D /* Sources */ = {
			isa = PBXSourcesBuildPhase;
			buildActionMask = 2147483647;
			files = (
				CC7A7A492B6049C400774C3D /* Focused_LifeTests.swift in Sources */,
			);
			runOnlyForDeploymentPostprocessing = 0;
		};
		CC7A7A4A2B6049C400774C3D /* Sources */ = {
			isa = PBXSourcesBuildPhase;
			buildActionMask = 2147483647;
			files = (
				CC7A7A552B6049C400774C3D /* Focused_LifeUITestsLaunchTests.swift in Sources */,
				CC7A7A532B6049C400774C3D /* Focused_LifeUITests.swift in Sources */,
			);
			runOnlyForDeploymentPostprocessing = 0;
		};
/* End PBXSourcesBuildPhase section */

/* Begin PBXTargetDependency section */
		CC7A7A462B6049C400774C3D /* PBXTargetDependency */ = {
			isa = PBXTargetDependency;
			target = CC7A7A322B6049C200774C3D /* Focused Life */;
			targetProxy = CC7A7A452B6049C400774C3D /* PBXContainerItemProxy */;
		};
		CC7A7A502B6049C400774C3D /* PBXTargetDependency */ = {
			isa = PBXTargetDependency;
			target = CC7A7A322B6049C200774C3D /* Focused Life */;
			targetProxy = CC7A7A4F2B6049C400774C3D /* PBXContainerItemProxy */;
		};
/* End PBXTargetDependency section */

/* Begin XCBuildConfiguration section */
		CC7A7A562B6049C400774C3D /* Debug */ = {
			isa = XCBuildConfiguration;
			buildSettings = {
				ALWAYS_SEARCH_USER_PATHS = NO;
				ASSETCATALOG_COMPILER_GENERATE_SWIFT_ASSET_SYMBOL_EXTENSIONS = YES;
				CLANG_ANALYZER_NONNULL = YES;
				CLANG_ANALYZER_NUMBER_OBJECT_CONVERSION = YES_AGGRESSIVE;
				CLANG_CXX_LANGUAGE_STANDARD = "gnu++20";
				CLANG_ENABLE_MODULES = YES;
				CLANG_ENABLE_OBJC_ARC = YES;
				CLANG_ENABLE_OBJC_WEAK = YES;
				CLANG_WARN_BLOCK_CAPTURE_AUTORELEASING = YES;
				CLANG_WARN_BOOL_CONVERSION = YES;
				CLANG_WARN_COMMA = YES;
				CLANG_WARN_CONSTANT_CONVERSION = YES;
				CLANG_WARN_DEPRECATED_OBJC_IMPLEMENTATIONS = YES;
				CLANG_WARN_DIRECT_OBJC_ISA_USAGE = YES_ERROR;
				CLANG_WARN_DOCUMENTATION_COMMENTS = YES;
				CLANG_WARN_EMPTY_BODY = YES;
				CLANG_WARN_ENUM_CONVERSION = YES;
				CLANG_WARN_INFINITE_RECURSION = YES;
				CLANG_WARN_INT_CONVERSION = YES;
				CLANG_WARN_NON_LITERAL_NULL_CONVERSION = YES;
				CLANG_WARN_OBJC_IMPLICIT_RETAIN_SELF = YES;
				CLANG_WARN_OBJC_LITERAL_CONVERSION = YES;
				CLANG_WARN_OBJC_ROOT_CLASS = YES_ERROR;
				CLANG_WARN_QUOTED_INCLUDE_IN_FRAMEWORK_HEADER = YES;
				CLANG_WARN_RANGE_LOOP_ANALYSIS = YES;
				CLANG_WARN_STRICT_PROTOTYPES = YES;
				CLANG_WARN_SUSPICIOUS_MOVE = YES;
				CLANG_WARN_UNGUARDED_AVAILABILITY = YES_AGGRESSIVE;
				CLANG_WARN_UNREACHABLE_CODE = YES;
				CLANG_WARN__DUPLICATE_METHOD_MATCH = YES;
				COPY_PHASE_STRIP = NO;
				DEBUG_INFORMATION_FORMAT = dwarf;
				ENABLE_STRICT_OBJC_MSGSEND = YES;
				ENABLE_TESTABILITY = YES;
				ENABLE_USER_SCRIPT_SANDBOXING = YES;
				GCC_C_LANGUAGE_STANDARD = gnu17;
				GCC_DYNAMIC_NO_PIC = NO;
				GCC_NO_COMMON_BLOCKS = YES;
				GCC_OPTIMIZATION_LEVEL = 0;
				GCC_PREPROCESSOR_DEFINITIONS = (
					"DEBUG=1",
					"$(inherited)",
				);
				GCC_WARN_64_TO_32_BIT_CONVERSION = YES;
				GCC_WARN_ABOUT_RETURN_TYPE = YES_ERROR;
				GCC_WARN_UNDECLARED_SELECTOR = YES;
				GCC_WARN_UNINITIALIZED_AUTOS = YES_AGGRESSIVE;
				GCC_WARN_UNUSED_FUNCTION = YES;
				GCC_WARN_UNUSED_VARIABLE = YES;
				LOCALIZATION_PREFERS_STRING_CATALOGS = YES;
				MACOSX_DEPLOYMENT_TARGET = 14.0;
				MTL_ENABLE_DEBUG_INFO = INCLUDE_SOURCE;
				MTL_FAST_MATH = YES;
				ONLY_ACTIVE_ARCH = YES;
				SDKROOT = macosx;
				SWIFT_ACTIVE_COMPILATION_CONDITIONS = "DEBUG $(inherited)";
				SWIFT_OPTIMIZATION_LEVEL = "-Onone";
			};
			name = Debug;
		};
		CC7A7A572B6049C400774C3D /* Release */ = {
			isa = XCBuildConfiguration;
			buildSettings = {
				ALWAYS_SEARCH_USER_PATHS = NO;
				ASSETCATALOG_COMPILER_GENERATE_SWIFT_ASSET_SYMBOL_EXTENSIONS = YES;
				CLANG_ANALYZER_NONNULL = YES;
				CLANG_ANALYZER_NUMBER_OBJECT_CONVERSION = YES_AGGRESSIVE;
				CLANG_CXX_LANGUAGE_STANDARD = "gnu++20";
				CLANG_ENABLE_MODULES = YES;
				CLANG_ENABLE_OBJC_ARC = YES;
				CLANG_ENABLE_OBJC_WEAK = YES;
				CLANG_WARN_BLOCK_CAPTURE_AUTORELEASING = YES;
				CLANG_WARN_BOOL_CONVERSION = YES;
				CLANG_WARN_COMMA = YES;
				CLANG_WARN_CONSTANT_CONVERSION = YES;
				CLANG_WARN_DEPRECATED_OBJC_IMPLEMENTATIONS = YES;
				CLANG_WARN_DIRECT_OBJC_ISA_USAGE = YES_ERROR;
				CLANG_WARN_DOCUMENTATION_COMMENTS = YES;
				CLANG_WARN_EMPTY_BODY = YES;
				CLANG_WARN_ENUM_CONVERSION = YES;
				CLANG_WARN_INFINITE_RECURSION = YES;
				CLANG_WARN_INT_CONVERSION = YES;
				CLANG_WARN_NON_LITERAL_NULL_CONVERSION = YES;
				CLANG_WARN_OBJC_IMPLICIT_RETAIN_SELF = YES;
				CLANG_WARN_OBJC_LITERAL_CONVERSION = YES;
				CLANG_WARN_OBJC_ROOT_CLASS = YES_ERROR;
				CLANG_WARN_QUOTED_INCLUDE_IN_FRAMEWORK_HEADER = YES;
				CLANG_WARN_RANGE_LOOP_ANALYSIS = YES;
				CLANG_WARN_STRICT_PROTOTYPES = YES;
				CLANG_WARN_SUSPICIOUS_MOVE = YES;
				CLANG_WARN_UNGUARDED_AVAILABILITY = YES_AGGRESSIVE;
				CLANG_WARN_UNREACHABLE_CODE = YES;
				CLANG_WARN__DUPLICATE_METHOD_MATCH = YES;
				COPY_PHASE_STRIP = NO;
				DEBUG_INFORMATION_FORMAT = "dwarf-with-dsym";
				ENABLE_NS_ASSERTIONS = NO;
				ENABLE_STRICT_OBJC_MSGSEND = YES;
				ENABLE_USER_SCRIPT_SANDBOXING = YES;
				GCC_C_LANGUAGE_STANDARD = gnu17;
				GCC_NO_COMMON_BLOCKS = YES;
				GCC_WARN_64_TO_32_BIT_CONVERSION = YES;
				GCC_WARN_ABOUT_RETURN_TYPE = YES_ERROR;
				GCC_WARN_UNDECLARED_SELECTOR = YES;
				GCC_WARN_UNINITIALIZED_AUTOS = YES_AGGRESSIVE;
				GCC_WARN_UNUSED_FUNCTION = YES;
				GCC_WARN_UNUSED_VARIABLE = YES;
				LOCALIZATION_PREFERS_STRING_CATALOGS = YES;
				MACOSX_DEPLOYMENT_TARGET = 14.0;
				MTL_ENABLE_DEBUG_INFO = NO;
				MTL_FAST_MATH = YES;
				SDKROOT = macosx;
				SWIFT_COMPILATION_MODE = wholemodule;
			};
			name = Release;
		};
		CC7A7A592B6049C400774C3D /* Debug */ = {
			isa = XCBuildConfiguration;
			buildSettings = {
				ASSETCATALOG_COMPILER_APPICON_NAME = AppIcon;
				ASSETCATALOG_COMPILER_GLOBAL_ACCENT_COLOR_NAME = AccentColor;
				CODE_SIGN_ENTITLEMENTS = "Focused Life/Focused_Life.entitlements";
				CODE_SIGN_STYLE = Automatic;
				COMBINE_HIDPI_IMAGES = YES;
				CURRENT_PROJECT_VERSION = 1;
				DEVELOPMENT_ASSET_PATHS = "\"Focused Life/Preview Content\"";
				DEVELOPMENT_TEAM = SLP976D2SA;
				ENABLE_HARDENED_RUNTIME = YES;
				ENABLE_PREVIEWS = YES;
				GENERATE_INFOPLIST_FILE = YES;
				INFOPLIST_KEY_NSHumanReadableCopyright = "";
				LD_RUNPATH_SEARCH_PATHS = (
					"$(inherited)",
					"@executable_path/../Frameworks",
				);
				MARKETING_VERSION = 1.0;
				PRODUCT_BUNDLE_IDENTIFIER = "fg.Focused-Life";
				PRODUCT_NAME = "$(TARGET_NAME)";
				SWIFT_EMIT_LOC_STRINGS = YES;
				SWIFT_VERSION = 5.0;
			};
			name = Debug;
		};
		CC7A7A5A2B6049C400774C3D /* Release */ = {
			isa = XCBuildConfiguration;
			buildSettings = {
				ASSETCATALOG_COMPILER_APPICON_NAME = AppIcon;
				ASSETCATALOG_COMPILER_GLOBAL_ACCENT_COLOR_NAME = AccentColor;
				CODE_SIGN_ENTITLEMENTS = "Focused Life/Focused_Life.entitlements";
				CODE_SIGN_STYLE = Automatic;
				COMBINE_HIDPI_IMAGES = YES;
				CURRENT_PROJECT_VERSION = 1;
				DEVELOPMENT_ASSET_PATHS = "\"Focused Life/Preview Content\"";
				DEVELOPMENT_TEAM = SLP976D2SA;
				ENABLE_HARDENED_RUNTIME = YES;
				ENABLE_PREVIEWS = YES;
				GENERATE_INFOPLIST_FILE = YES;
				INFOPLIST_KEY_NSHumanReadableCopyright = "";
				LD_RUNPATH_SEARCH_PATHS = (
					"$(inherited)",
					"@executable_path/../Frameworks",
				);
				MARKETING_VERSION = 1.0;
				PRODUCT_BUNDLE_IDENTIFIER = "fg.Focused-Life";
				PRODUCT_NAME = "$(TARGET_NAME)";
				SWIFT_EMIT_LOC_STRINGS = YES;
				SWIFT_VERSION = 5.0;
			};
			name = Release;
		};
		CC7A7A5C2B6049C400774C3D /* Debug */ = {
			isa = XCBuildConfiguration;
			buildSettings = {
				ALWAYS_EMBED_SWIFT_STANDARD_LIBRARIES = YES;
				BUNDLE_LOADER = "$(TEST_HOST)";
				CODE_SIGN_STYLE = Automatic;
				CURRENT_PROJECT_VERSION = 1;
				DEVELOPMENT_TEAM = SLP976D2SA;
				GENERATE_INFOPLIST_FILE = YES;
				MACOSX_DEPLOYMENT_TARGET = 14.0;
				MARKETING_VERSION = 1.0;
				PRODUCT_BUNDLE_IDENTIFIER = "fg.Focused-LifeTests";
				PRODUCT_NAME = "$(TARGET_NAME)";
				SWIFT_EMIT_LOC_STRINGS = NO;
				SWIFT_VERSION = 5.0;
				TEST_HOST = "$(BUILT_PRODUCTS_DIR)/Focused Life.app/$(BUNDLE_EXECUTABLE_FOLDER_PATH)/Focused Life";
			};
			name = Debug;
		};
		CC7A7A5D2B6049C400774C3D /* Release */ = {
			isa = XCBuildConfiguration;
			buildSettings = {
				ALWAYS_EMBED_SWIFT_STANDARD_LIBRARIES = YES;
				BUNDLE_LOADER = "$(TEST_HOST)";
				CODE_SIGN_STYLE = Automatic;
				CURRENT_PROJECT_VERSION = 1;
				DEVELOPMENT_TEAM = SLP976D2SA;
				GENERATE_INFOPLIST_FILE = YES;
				MACOSX_DEPLOYMENT_TARGET = 14.0;
				MARKETING_VERSION = 1.0;
				PRODUCT_BUNDLE_IDENTIFIER = "fg.Focused-LifeTests";
				PRODUCT_NAME = "$(TARGET_NAME)";
				SWIFT_EMIT_LOC_STRINGS = NO;
				SWIFT_VERSION = 5.0;
				TEST_HOST = "$(BUILT_PRODUCTS_DIR)/Focused Life.app/$(BUNDLE_EXECUTABLE_FOLDER_PATH)/Focused Life";
			};
			name = Release;
		};
		CC7A7A5F2B6049C400774C3D /* Debug */ = {
			isa = XCBuildConfiguration;
			buildSettings = {
				ALWAYS_EMBED_SWIFT_STANDARD_LIBRARIES = YES;
				CODE_SIGN_STYLE = Automatic;
				CURRENT_PROJECT_VERSION = 1;
				DEVELOPMENT_TEAM = SLP976D2SA;
				GENERATE_INFOPLIST_FILE = YES;
				MARKETING_VERSION = 1.0;
				PRODUCT_BUNDLE_IDENTIFIER = "fg.Focused-LifeUITests";
				PRODUCT_NAME = "$(TARGET_NAME)";
				SWIFT_EMIT_LOC_STRINGS = NO;
				SWIFT_VERSION = 5.0;
				TEST_TARGET_NAME = "Focused Life";
			};
			name = Debug;
		};
		CC7A7A602B6049C400774C3D /* Release */ = {
			isa = XCBuildConfiguration;
			buildSettings = {
				ALWAYS_EMBED_SWIFT_STANDARD_LIBRARIES = YES;
				CODE_SIGN_STYLE = Automatic;
				CURRENT_PROJECT_VERSION = 1;
				DEVELOPMENT_TEAM = SLP976D2SA;
				GENERATE_INFOPLIST_FILE = YES;
				MARKETING_VERSION = 1.0;
				PRODUCT_BUNDLE_IDENTIFIER = "fg.Focused-LifeUITests";
				PRODUCT_NAME = "$(TARGET_NAME)";
				SWIFT_EMIT_LOC_STRINGS = NO;
				SWIFT_VERSION = 5.0;
				TEST_TARGET_NAME = "Focused Life";
			};
			name = Release;
		};
/* End XCBuildConfiguration section */

/* Begin XCConfigurationList section */
		CC7A7A2E2B6049C200774C3D /* Build configuration list for PBXProject "Focused Life" */ = {
			isa = XCConfigurationList;
			buildConfigurations = (
				CC7A7A562B6049C400774C3D /* Debug */,
				CC7A7A572B6049C400774C3D /* Release */,
			);
			defaultConfigurationIsVisible = 0;
			defaultConfigurationName = Release;
		};
		CC7A7A582B6049C400774C3D /* Build configuration list for PBXNativeTarget "Focused Life" */ = {
			isa = XCConfigurationList;
			buildConfigurations = (
				CC7A7A592B6049C400774C3D /* Debug */,
				CC7A7A5A2B6049C400774C3D /* Release */,
			);
			defaultConfigurationIsVisible = 0;
			defaultConfigurationName = Release;
		};
		CC7A7A5B2B6049C400774C3D /* Build configuration list for PBXNativeTarget "Focused LifeTests" */ = {
			isa = XCConfigurationList;
			buildConfigurations = (
				CC7A7A5C2B6049C400774C3D /* Debug */,
				CC7A7A5D2B6049C400774C3D /* Release */,
			);
			defaultConfigurationIsVisible = 0;
			defaultConfigurationName = Release;
		};
		CC7A7A5E2B6049C400774C3D /* Build configuration list for PBXNativeTarget "Focused LifeUITests" */ = {
			isa = XCConfigurationList;
			buildConfigurations = (
				CC7A7A5F2B6049C400774C3D /* Debug */,
				CC7A7A602B6049C400774C3D /* Release */,
			);
			defaultConfigurationIsVisible = 0;
			defaultConfigurationName = Release;
		};
/* End XCConfigurationList section */
	};
	rootObject = CC7A7A2B2B6049C200774C3D /* Project object */;
}
